
Microsoft Visual Studio Solution File, Format Version 12.00
# Visual Studio Version 17
VisualStudioVersion = 17.7.34009.444
MinimumVisualStudioVersion = 10.0.40219.1
Project("{FAE04EC0-301F-11D3-BF4B-00C04F79EFBC}") = "WebApplication3", "WebApplication3\WebApplication3.csproj", "{65832B62-50EE-400E-A07E-6BA91D381F00}"
EndProject
Global
	GlobalSection(SolutionConfigurationPlatforms) = preSolution
		Debug|Any CPU = Debug|Any CPU
		Release|Any CPU = Release|Any CPU
	EndGlobalSection
	GlobalSection(ProjectConfigurationPlatforms) = postSolution
		{65832B62-50EE-400E-A07E-6BA91D381F00}.Debug|Any CPU.ActiveCfg = Debug|Any CPU
		{65832B62-50EE-400E-A07E-6BA91D381F00}.Debug|Any CPU.Build.0 = Debug|Any CPU
		{65832B62-50EE-400E-A07E-6BA91D381F00}.Release|Any CPU.ActiveCfg = Release|Any CPU
		{65832B62-50EE-400E-A07E-6BA91D381F00}.Release|Any CPU.Build.0 = Release|Any CPU
	EndGlobalSection
	GlobalSection(SolutionProperties) = preSolution
		HideSolutionNode = FALSE
	EndGlobalSection
	GlobalSection(ExtensibilityGlobals) = postSolution
		SolutionGuid = {A6AE7183-B28B-490B-92CE-778F265D32A9}
	EndGlobalSection
EndGlobal
